version = 1
revision = 3
requires-python = ">=3.12"

[[package]]
name = "audiosub"
version = "0.4.0"
source = { editable = "." }
dependencies = [
    { name = "fire" },
    { name = "numpy" },
    { name = "onnxruntime" },
    { name = "sherpa-onnx" },
]

[package.metadata]
requires-dist = [
    { name = "fire", specifier = ">=0.7.0" },
    { name = "numpy", specifier = ">=1.26" },
    { name = "onnxruntime", specifier = ">=1.22" },
    { name = "sherpa-onnx", specifier = ">=1.12" },
]

[[package]]
name = "fire"
version = "0.7.1"
source = { registry = "https://pypi.org/simple" }
dependencies = [
    { name = "termcolor" },
]
sdist = { url = "https://files.pythonhosted.org/packages/c0/00/f8d10588d2019d6d6452653def1ee807353b21983db48550318424b5ff18/fire-0.7.1.tar.gz", hash = "sha256:3b208f05c736de98fb343310d090dcc4d8c78b2a89ea4f32b837c586270a9cbf", size = 88720, upload-time = "2025-08-16T20:20:24.175Z" }
wheels = [
    { url = "https://files.pythonhosted.org/packages/e5/4c/93d0f85318da65923e4b91c1c2ff03d8a458cbefebe3bc612a6693c7906d/fire-0.7.1-py3-none-any.whl", hash = "sha256:e43fd8a5033a9001e7e2973bab96070694b9f12f2e0ecf96d4683971b5ab1882", size = 115945, upload-time = "2025-08-16T20:20:22.87Z" },
]

[[package]]
name = "flatbuffers"
version = "25.12.19"
source = { registry = "https://pypi.org/simple" }
wheels = [
    { url = "https://files.pythonhosted.org/packages/e8/2d/d2a548598be01649e2d46231d151a6c56d10b964d94043a335ae56ea2d92/flatbuffers-25.12.19-py2.py3-none-any.whl", hash = "sha256:7634f50c427838bb021c2d66a3d1168e9d199b0607e6329399f04846d42e20b4", size = 26661, upload-time = "2025-12-19T23:16:13.622Z" },
]

[[package]]
name = "numpy"
version = "2.3.4"
source = { registry = "https://pypi.org/simple" }
sdist = { url = "https://files.pythonhosted.org/packages/b5/f4/098d2270d52b41f1bd7db9fc288aaa0400cb48c2a3e2af6fa365d9720947/numpy-2.3.4.tar.gz", hash = "sha256:a7d018bfedb375a8d979ac758b120ba846a7fe764911a64465fd87b8729f4a6a", size = 20582187, upload-time = "2025-10-15T16:18:11.77Z" }
wheels = [
    { url = "https://files.pythonhosted.org/packages/96/7a/02420400b736f84317e759291b8edaeee9dc921f72b045475a9cbdb26b17/numpy-2.3.4-cp312-cp312-macosx_10_13_x86_64.whl", hash = "sha256:ef1b5a3e808bc40827b5fa2c8196151a4c5abe110e1726949d7abddfe5c7ae11", size = 20957727, upload-time = "2025-10-15T16:15:44.9Z" },
    { url = "https://files.pythonhosted.org/packages/18/90/a014805d627aa5750f6f0e878172afb6454552da929144b3c07fcae1bb13/numpy-2.3.4-cp312-cp312-macosx_11_0_arm64.whl", hash = "sha256:c2f91f496a87235c6aaf6d3f3d89b17dba64996abadccb289f48456cff931ca9", size = 14187262, upload-time = "2025-10-15T16:15:47.761Z" },
    { url = "https://files.pythonhosted.org/packages/c7/e4/0a94b09abe89e500dc748e7515f21a13e30c5c3fe3396e6d4ac108c25fca/numpy-2.3.4-cp312-cp312-macosx_14_0_arm64.whl", hash = "sha256:f77e5b3d3da652b474cc80a14084927a5e86a5eccf54ca8ca5cbd697bf7f2667", size = 5115992, upload-time = "2025-10-15T16:15:50.144Z" },
    { url = "https://files.pythonhosted.org/packages/88/dd/db77c75b055c6157cbd4f9c92c4458daef0dd9cbe6d8d2fe7f803cb64c37/numpy-2.3.4-cp312-cp312-macosx_14_0_x86_64.whl", hash = "sha256:8ab1c5f5ee40d6e01cbe96de5863e39b215a4d24e7d007cad56c7184fdf4aeef", size = 6648672, upload-time = "2025-10-15T16:15:52.442Z" },
    { url = "https://files.pythonhosted.org/packages/e1/e6/e31b0d713719610e406c0ea3ae0d90760465b086da8783e2fd835ad59027/numpy-2.3.4-cp312-cp312-manylinux_2_27_aarch64.manylinux_2_28_aarch64.whl", hash = "sha256:77b84453f3adcb994ddbd0d1c5d11db2d6bda1a2b7fd5ac5bd4649d6f5dc682e", size = 14284156, upload-time = "2025-10-15T16:15:54.351Z" },
    { url = "https://files.pythonhosted.org/packages/f9/58/30a85127bfee6f108282107caf8e06a1f0cc997cb6b52cdee699276fcce4/numpy-2.3.4-cp312-cp312-manylinux_2_27_x86_64.manylinux_2_28_x86_64.whl", hash = "sha256:4121c5beb58a7f9e6dfdee612cb24f4df5cd4db6e8261d7f4d7450a997a65d6a", size = 16641271, upload-time = "2025-10-15T16:15:56.67Z" },
    { url = "https://files.pythonhosted.org/packages/06/f2/2e06a0f2adf23e3ae29283ad96959267938d0efd20a2e25353b70065bfec/numpy-2.3.4-cp312-cp312-musllinux_1_2_aarch64.whl", hash = "sha256:65611ecbb00ac9846efe04db15cbe6186f562f6bb7e5e05f077e53a599225d16", size = 16059531, upload-time = "2025-10-15T16:15:59.412Z" },
    { url = "https://files.pythonhosted.org/packages/b0/e7/b106253c7c0d5dc352b9c8fab91afd76a93950998167fa3e5afe4ef3a18f/numpy-2.3.4-cp312-cp312-musllinux_1_2_x86_64.whl", hash = "sha256:dabc42f9c6577bcc13001b8810d300fe814b4cfbe8a92c873f269484594f9786", size = 18578983, upload-time = "2025-10-15T16:16:01.804Z" },
    { url = "https://files.pythonhosted.org/packages/73/e3/04ecc41e71462276ee867ccbef26a4448638eadecf1bc56772c9ed6d0255/numpy-2.3.4-cp312-cp312-win32.whl", hash = "sha256:a49d797192a8d950ca59ee2d0337a4d804f713bb5c3c50e8db26d49666e351dc", size = 6291380, upload-time = "2025-10-15T16:16:03.938Z" },
    { url = "https://files.pythonhosted.org/packages/3d/a8/566578b10d8d0e9955b1b6cd5db4e9d4592dd0026a941ff7994cedda030a/numpy-2.3.4-cp312-cp312-win_amd64.whl", hash = "sha256:985f1e46358f06c2a09921e8921e2c98168ed4ae12ccd6e5e87a4f1857923f32", size = 12787999, upload-time = "2025-10-15T16:16:05.801Z" },
    { url = "https://files.pythonhosted.org/packages/58/22/9c903a957d0a8071b607f5b1bff0761d6e608b9a965945411f867d515db1/numpy-2.3.4-cp312-cp312-win_arm64.whl", hash = "sha256:4635239814149e06e2cb9db3dd584b2fa64316c96f10656983b8026a82e6e4db", size = 10197412, upload-time = "2025-10-15T16:16:07.854Z" },
    { url = "https://files.pythonhosted.org/packages/57/7e/b72610cc91edf138bc588df5150957a4937221ca6058b825b4725c27be62/numpy-2.3.4-cp313-cp313-macosx_10_13_x86_64.whl", hash = "sha256:c090d4860032b857d94144d1a9976b8e36709e40386db289aaf6672de2a81966", size = 20950335, upload-time = "2025-10-15T16:16:10.304Z" },
    { url = "https://files.pythonhosted.org/packages/3e/46/bdd3370dcea2f95ef14af79dbf81e6927102ddf1cc54adc0024d61252fd9/numpy-2.3.4-cp313-cp313-macosx_11_0_arm64.whl", hash = "sha256:a13fc473b6db0be619e45f11f9e81260f7302f8d180c49a22b6e6120022596b3", size = 14179878, upload-time = "2025-10-15T16:16:12.595Z" },
    { url = "https://files.pythonhosted.org/packages/ac/01/5a67cb785bda60f45415d09c2bc245433f1c68dd82eef9c9002c508b5a65/numpy-2.3.4-cp313-cp313-macosx_14_0_arm64.whl", hash = "sha256:3634093d0b428e6c32c3a69b78e554f0cd20ee420dcad5a9f3b2a63762ce4197", size = 5108673, upload-time = "2025-10-15T16:16:14.877Z" },
    { url = "https://files.pythonhosted.org/packages/c2/cd/8428e23a9fcebd33988f4cb61208fda832800ca03781f471f3727a820704/numpy-2.3.4-cp313-cp313-macosx_14_0_x86_64.whl", hash = "sha256:043885b4f7e6e232d7df4f51ffdef8c36320ee9d5f227b380ea636722c7ed12e", size = 6641438, upload-time = "2025-10-15T16:16:16.805Z" },
    { url = "https://files.pythonhosted.org/packages/3e/d1/913fe563820f3c6b079f992458f7331278dcd7ba8427e8e745af37ddb44f/numpy-2.3.4-cp313-cp313-manylinux_2_27_aarch64.manylinux_2_28_aarch64.whl", hash = "sha256:4ee6a571d1e4f0ea6d5f22d6e5fbd6ed1dc2b18542848e1e7301bd190500c9d7", size = 14281290, upload-time = "2025-10-15T16:16:18.764Z" },
    { url = "https://files.pythonhosted.org/packages/9e/7e/7d306ff7cb143e6d975cfa7eb98a93e73495c4deabb7d1b5ecf09ea0fd69/numpy-2.3.4-cp313-cp313-manylinux_2_27_x86_64.manylinux_2_28_x86_64.whl", hash = "sha256:fc8a63918b04b8571789688b2780ab2b4a33ab44bfe8ccea36d3eba51228c953", size = 16636543, upload-time = "2025-10-15T16:16:21.072Z" },
    { url = "https://files.pythonhosted.org/packages/47/6a/8cfc486237e56ccfb0db234945552a557ca266f022d281a2f577b98e955c/numpy-2.3.4-cp313-cp313-musllinux_1_2_aarch64.whl", hash = "sha256:40cc556d5abbc54aabe2b1ae287042d7bdb80c08edede19f0c0afb36ae586f37", size = 16056117, upload-time = "2025-10-15T16:16:23.369Z" },
    { url = "https://files.pythonhosted.org/packages/b1/0e/42cb5e69ea901e06ce24bfcc4b5664a56f950a70efdcf221f30d9615f3f3/numpy-2.3.4-cp313-cp313-musllinux_1_2_x86_64.whl", hash = "sha256:ecb63014bb7f4ce653f8be7f1df8cbc6093a5a2811211770f6606cc92b5a78fd", size = 18577788, upload-time = "2025-10-15T16:16:27.496Z" },
    { url = "https://files.pythonhosted.org/packages/86/92/41c3d5157d3177559ef0a35da50f0cda7fa071f4ba2306dd36818591a5bc/numpy-2.3.4-cp313-cp313-win32.whl", hash = "sha256:e8370eb6925bb8c1c4264fec52b0384b44f675f191df91cbe0140ec9f0955646", size = 6282620, upload-time = "2025-10-15T16:16:29.811Z" },
    { url = "https://files.pythonhosted.org/packages/09/97/fd421e8bc50766665ad35536c2bb4ef916533ba1fdd053a62d96cc7c8b95/numpy-2.3.4-cp313-cp313-win_amd64.whl", hash = "sha256:56209416e81a7893036eea03abcb91c130643eb14233b2515c90dcac963fe99d", size = 12784672, upload-time = "2025-10-15T16:16:31.589Z" },
    { url = "https://files.pythonhosted.org/packages/ad/df/5474fb2f74970ca8eb978093969b125a84cc3d30e47f82191f981f13a8a0/numpy-2.3.4-cp313-cp313-win_arm64.whl", hash = "sha256:a700a4031bc0fd6936e78a752eefb79092cecad2599ea9c8039c548bc097f9bc", size = 10196702, upload-time = "2025-10-15T16:16:33.902Z" },
    { url = "https://files.pythonhosted.org/packages/11/83/66ac031464ec1767ea3ed48ce40f615eb441072945e98693bec0bcd056cc/numpy-2.3.4-cp313-cp313t-macosx_10_13_x86_64.whl", hash = "sha256:86966db35c4040fdca64f0816a1c1dd8dbd027d90fca5a57e00e1ca4cd41b879", size = 21049003, upload-time = "2025-10-15T16:16:36.101Z" },
    { url = "https://files.pythonhosted.org/packages/5f/99/5b14e0e686e61371659a1d5bebd04596b1d72227ce36eed121bb0aeab798/numpy-2.3.4-cp313-cp313t-macosx_11_0_arm64.whl", hash = "sha256:838f045478638b26c375ee96ea89464d38428c69170360b23a1a50fa4baa3562", size = 14302980, upload-time = "2025-10-15T16:16:39.124Z" },
    { url = "https://files.pythonhosted.org/packages/2c/44/e9486649cd087d9fc6920e3fc3ac2aba10838d10804b1e179fb7cbc4e634/numpy-2.3.4-cp313-cp313t-macosx_14_0_arm64.whl", hash = "sha256:d7315ed1dab0286adca467377c8381cd748f3dc92235f22a7dfc42745644a96a", size = 5231472, upload-time = "2025-10-15T16:16:41.168Z" },
    { url = "https://files.pythonhosted.org/packages/3e/51/902b24fa8887e5fe2063fd61b1895a476d0bbf46811ab0c7fdf4bd127345/numpy-2.3.4-cp313-cp313t-macosx_14_0_x86_64.whl", hash = "sha256:84f01a4d18b2cc4ade1814a08e5f3c907b079c847051d720fad15ce37aa930b6", size = 6739342, upload-time = "2025-10-15T16:16:43.777Z" },
    { url = "https://files.pythonhosted.org/packages/34/f1/4de9586d05b1962acdcdb1dc4af6646361a643f8c864cef7c852bf509740/numpy-2.3.4-cp313-cp313t-manylinux_2_27_aarch64.manylinux_2_28_aarch64.whl", hash = "sha256:817e719a868f0dacde4abdfc5c1910b301877970195db9ab6a5e2c4bd5b121f7", size = 14354338, upload-time = "2025-10-15T16:16:46.081Z" },
    { url = "https://files.pythonhosted.org/packages/1f/06/1c16103b425de7969d5a76bdf5ada0804b476fed05d5f9e17b777f1cbefd/numpy-2.3.4-cp313-cp313t-manylinux_2_27_x86_64.manylinux_2_28_x86_64.whl", hash = "sha256:85e071da78d92a214212cacea81c6da557cab307f2c34b5f85b628e94803f9c0", size = 16702392, upload-time = "2025-10-15T16:16:48.455Z" },
    { url = "https://files.pythonhosted.org/packages/34/b2/65f4dc1b89b5322093572b6e55161bb42e3e0487067af73627f795cc9d47/numpy-2.3.4-cp313-cp313t-musllinux_1_2_aarch64.whl", hash = "sha256:2ec646892819370cf3558f518797f16597b4e4669894a2ba712caccc9da53f1f", size = 16134998, upload-time = "2025-10-15T16:16:51.114Z" },
    { url = "https://files.pythonhosted.org/packages/d4/11/94ec578896cdb973aaf56425d6c7f2aff4186a5c00fac15ff2ec46998b46/numpy-2.3.4-cp313-cp313t-musllinux_1_2_x86_64.whl", hash = "sha256:035796aaaddfe2f9664b9a9372f089cfc88bd795a67bd1bfe15e6e770934cf64", size = 18651574, upload-time = "2025-10-15T16:16:53.429Z" },
    { url = "https://files.pythonhosted.org/packages/62/b7/7efa763ab33dbccf56dade36938a77345ce8e8192d6b39e470ca25ff3cd0/numpy-2.3.4-cp313-cp313t-win32.whl", hash = "sha256:fea80f4f4cf83b54c3a051f2f727870ee51e22f0248d3114b8e755d160b38cfb", size = 6413135, upload-time = "2025-10-15T16:16:55.992Z" },
    { url = "https://files.pythonhosted.org/packages/43/70/aba4c38e8400abcc2f345e13d972fb36c26409b3e644366db7649015f291/numpy-2.3.4-cp313-cp313t-win_amd64.whl", hash = "sha256:15eea9f306b98e0be91eb344a94c0e630689ef302e10c2ce5f7e11905c704f9c", size = 12928582, upload-time = "2025-10-15T16:16:57.943Z" },
    { url = "https://files.pythonhosted.org/packages/67/63/871fad5f0073fc00fbbdd7232962ea1ac40eeaae2bba66c76214f7954236/numpy-2.3.4-cp313-cp313t-win_arm64.whl", hash = "sha256:b6c231c9c2fadbae4011ca5e7e83e12dc4a5072f1a1d85a0a7b3ed754d145a40", size = 10266691, upload-time = "2025-10-15T16:17:00.048Z" },
    { url = "https://files.pythonhosted.org/packages/72/71/ae6170143c115732470ae3a2d01512870dd16e0953f8a6dc89525696069b/numpy-2.3.4-cp314-cp314-macosx_10_15_x86_64.whl", hash = "sha256:81c3e6d8c97295a7360d367f9f8553973651b76907988bb6066376bc2252f24e", size = 20955580, upload-time = "2025-10-15T16:17:02.509Z" },
    { url = "https://files.pythonhosted.org/packages/af/39/4be9222ffd6ca8a30eda033d5f753276a9c3426c397bb137d8e19dedd200/numpy-2.3.4-cp314-cp314-macosx_11_0_arm64.whl", hash = "sha256:7c26b0b2bf58009ed1f38a641f3db4be8d960a417ca96d14e5b06df1506d41ff", size = 14188056, upload-time = "2025-10-15T16:17:04.873Z" },
    { url = "https://files.pythonhosted.org/packages/6c/3d/d85f6700d0a4aa4f9491030e1021c2b2b7421b2b38d01acd16734a2bfdc7/numpy-2.3.4-cp314-cp314-macosx_14_0_arm64.whl", hash = "sha256:62b2198c438058a20b6704351b35a1d7db881812d8512d67a69c9de1f18ca05f", size = 5116555, upload-time = "2025-10-15T16:17:07.499Z" },
    { url = "https://files.pythonhosted.org/packages/bf/04/82c1467d86f47eee8a19a464c92f90a9bb68ccf14a54c5224d7031241ffb/numpy-2.3.4-cp314-cp314-macosx_14_0_x86_64.whl", hash = "sha256:9d729d60f8d53a7361707f4b68a9663c968882dd4f09e0d58c044c8bf5faee7b", size = 6643581, upload-time = "2025-10-15T16:17:09.774Z" },
    { url = "https://files.pythonhosted.org/packages/0c/d3/c79841741b837e293f48bd7db89d0ac7a4f2503b382b78a790ef1dc778a5/numpy-2.3.4-cp314-cp314-manylinux_2_27_aarch64.manylinux_2_28_aarch64.whl", hash = "sha256:bd0c630cf256b0a7fd9d0a11c9413b42fef5101219ce6ed5a09624f5a65392c7", size = 14299186, upload-time = "2025-10-15T16:17:11.937Z" },
    { url = "https://files.pythonhosted.org/packages/e8/7e/4a14a769741fbf237eec5a12a2cbc7a4c4e061852b6533bcb9e9a796c908/numpy-2.3.4-cp314-cp314-manylinux_2_27_x86_64.manylinux_2_28_x86_64.whl", hash = "sha256:d5e081bc082825f8b139f9e9fe42942cb4054524598aaeb177ff476cc76d09d2", size = 16638601, upload-time = "2025-10-15T16:17:14.391Z" },
    { url = "https://files.pythonhosted.org/packages/93/87/1c1de269f002ff0a41173fe01dcc925f4ecff59264cd8f96cf3b60d12c9b/numpy-2.3.4-cp314-cp314-musllinux_1_2_aarch64.whl", hash = "sha256:15fb27364ed84114438fff8aaf998c9e19adbeba08c0b75409f8c452a8692c52", size = 16074219, upload-time = "2025-10-15T16:17:17.058Z" },
    { url = "https://files.pythonhosted.org/packages/cd/28/18f72ee77408e40a76d691001ae599e712ca2a47ddd2c4f695b16c65f077/numpy-2.3.4-cp314-cp314-musllinux_1_2_x86_64.whl", hash = "sha256:85d9fb2d8cd998c84d13a79a09cc0c1091648e848e4e6249b0ccd7f6b487fa26", size = 18576702, upload-time = "2025-10-15T16:17:19.379Z" },
    { url = "https://files.pythonhosted.org/packages/c3/76/95650169b465ececa8cf4b2e8f6df255d4bf662775e797ade2025cc51ae6/numpy-2.3.4-cp314-cp314-win32.whl", hash = "sha256:e73d63fd04e3a9d6bc187f5455d81abfad05660b212c8804bf3b407e984cd2bc", size = 6337136, upload-time = "2025-10-15T16:17:22.886Z" },
    { url = "https://files.pythonhosted.org/packages/dc/89/a231a5c43ede5d6f77ba4a91e915a87dea4aeea76560ba4d2bf185c683f0/numpy-2.3.4-cp314-cp314-win_amd64.whl", hash = "sha256:3da3491cee49cf16157e70f607c03a217ea6647b1cea4819c4f48e53d49139b9", size = 12920542, upload-time = "2025-10-15T16:17:24.783Z" },
    { url = "https://files.pythonhosted.org/packages/0d/0c/ae9434a888f717c5ed2ff2393b3f344f0ff6f1c793519fa0c540461dc530/numpy-2.3.4-cp314-cp314-win_arm64.whl", hash = "sha256:6d9cd732068e8288dbe2717177320723ccec4fb064123f0caf9bbd90ab5be868", size = 10480213, upload-time = "2025-10-15T16:17:26.935Z" },
    { url = "https://files.pythonhosted.org/packages/83/4b/c4a5f0841f92536f6b9592694a5b5f68c9ab37b775ff342649eadf9055d3/numpy-2.3.4-cp314-cp314t-macosx_10_15_x86_64.whl", hash = "sha256:22758999b256b595cf0b1d102b133bb61866ba5ceecf15f759623b64c020c9ec", size = 21052280, upload-time = "2025-10-15T16:17:29.638Z" },
    { url = "https://files.pythonhosted.org/packages/3e/80/90308845fc93b984d2cc96d83e2324ce8ad1fd6efea81b324cba4b673854/numpy-2.3.4-cp314-cp314t-macosx_11_0_arm64.whl", hash = "sha256:9cb177bc55b010b19798dc5497d540dea67fd13a8d9e882b2dae71de0cf09eb3", size = 14302930, upload-time = "2025-10-15T16:17:32.384Z" },
    { url = "https://files.pythonhosted.org/packages/3d/4e/07439f22f2a3b247cec4d63a713faae55e1141a36e77fb212881f7cda3fb/numpy-2.3.4-cp314-cp314t-macosx_14_0_arm64.whl", hash = "sha256:0f2bcc76f1e05e5ab58893407c63d90b2029908fa41f9f1cc51eecce936c3365", size = 5231504, upload-time = "2025-10-15T16:17:34.515Z" },
    { url = "https://files.pythonhosted.org/packages/ab/de/1e11f2547e2fe3d00482b19721855348b94ada8359aef5d40dd57bfae9df/numpy-2.3.4-cp314-cp314t-macosx_14_0_x86_64.whl", hash = "sha256:8dc20bde86802df2ed8397a08d793da0ad7a5fd4ea3ac85d757bf5dd4ad7c252", size = 6739405, upload-time = "2025-10-15T16:17:36.128Z" },
    { url = "https://files.pythonhosted.org/packages/3b/40/8cd57393a26cebe2e923005db5134a946c62fa56a1087dc7c478f3e30837/numpy-2.3.4-cp314-cp314t-manylinux_2_27_aarch64.manylinux_2_28_aarch64.whl", hash = "sha256:5e199c087e2aa71c8f9ce1cb7a8e10677dc12457e7cc1be4798632da37c3e86e", size = 14354866, upload-time = "2025-10-15T16:17:38.884Z" },
    { url = "https://files.pythonhosted.org/packages/93/39/5b3510f023f96874ee6fea2e40dfa99313a00bf3ab779f3c92978f34aace/numpy-2.3.4-cp314-cp314t-manylinux_2_27_x86_64.manylinux_2_28_x86_64.whl", hash = "sha256:85597b2d25ddf655495e2363fe044b0ae999b75bc4d630dc0d886484b03a5eb0", size = 16703296, upload-time = "2025-10-15T16:17:41.564Z" },
    { url = "https://files.pythonhosted.org/packages/41/0d/19bb163617c8045209c1996c4e427bccbc4bbff1e2c711f39203c8ddbb4a/numpy-2.3.4-cp314-cp314t-musllinux_1_2_aarch64.whl", hash = "sha256:04a69abe45b49c5955923cf2c407843d1c85013b424ae8a560bba16c92fe44a0", size = 16136046, upload-time = "2025-10-15T16:17:43.901Z" },
    { url = "https://files.pythonhosted.org/packages/e2/c1/6dba12fdf68b02a21ac411c9df19afa66bed2540f467150ca64d246b463d/numpy-2.3.4-cp314-cp314t-musllinux_1_2_x86_64.whl", hash = "sha256:e1708fac43ef8b419c975926ce1eaf793b0c13b7356cfab6ab0dc34c0a02ac0f", size = 18652691, upload-time = "2025-10-15T16:17:46.247Z" },
    { url = "https://files.pythonhosted.org/packages/f8/73/f85056701dbbbb910c51d846c58d29fd46b30eecd2b6ba760fc8b8a1641b/numpy-2.3.4-cp314-cp314t-win32.whl", hash = "sha256:863e3b5f4d9915aaf1b8ec79ae560ad21f0b8d5e3adc31e73126491bb86dee1d", size = 6485782, upload-time = "2025-10-15T16:17:48.872Z" },
    { url = "https://files.pythonhosted.org/packages/17/90/28fa6f9865181cb817c2471ee65678afa8a7e2a1fb16141473d5fa6bacc3/numpy-2.3.4-cp314-cp314t-win_amd64.whl", hash = "sha256:962064de37b9aef801d33bc579690f8bfe6c5e70e29b61783f60bcba838a14d6", size = 13113301, upload-time = "2025-10-15T16:17:50.938Z" },
    { url = "https://files.pythonhosted.org/packages/54/23/08c002201a8e7e1f9afba93b97deceb813252d9cfd0d3351caed123dcf97/numpy-2.3.4-cp314-cp314t-win_arm64.whl", hash = "sha256:8b5a9a39c45d852b62693d9b3f3e0fe052541f804296ff401a72a1b60edafb29", size = 10547532, upload-time = "2025-10-15T16:17:53.48Z" },
]

[[package]]
name = "onnxruntime"
version = "1.30.0"
source = { registry = "https://pypi.org/simple" }
dependencies = [
    { name = "flatbuffers" },
    { name = "numpy" },
    { name = "packaging" },
    { name = "protobuf" },
]
wheels = [
    { url = "https://files.pythonhosted.org/packages/31/6f/48169f2e62b405bff5053cbd1d73fb5ce41ef7ecd13bb3bfcc191e689b8a/onnxruntime-1.30.0-cp312-cp312-macosx_14_0_arm64.whl", hash = "sha256:001ed726c9bd5e2bc92faade7d37d889e9606a350b7d5529f0227df2e3bb57fd", size = 21544867, upload-time = "2026-09-10T16:31:19.876Z" },
    { url = "https://files.pythonhosted.org/packages/16/bd/cbc5b8f91963689fdd622f463508c01d0aa95d3f944747b1e0b1eb2160b8/onnxruntime-1.30.0-cp312-cp312-manylinux_2_28_aarch64.whl", hash = "sha256:6c32a000d5139a38ba9349030b0032e3331acb559d596b22738d9d2b343a2b83", size = 21345202, upload-time = "2026-09-10T16:31:23.361Z" },
    { url = "https://files.pythonhosted.org/packages/34/35/e7f862dbacbc99fadd9b14a614e49c99bf0f35fd9927a82f096e3de33531/onnxruntime-1.30.0-cp312-cp312-manylinux_2_28_x86_64.whl", hash = "sha256:fa688e7891a6aa206636fe7372e27ee75fd17713289f6b4fc7b190e0a7de9328", size = 23585654, upload-time = "2026-09-10T16:31:26.65Z" },
    { url = "https://files.pythonhosted.org/packages/a6/13/0f1699f6de549c9324bc9112a2a85b14c517904cd11b562a654643b755a1/onnxruntime-1.30.0-cp312-cp312-win_amd64.whl", hash = "sha256:f3501472571f1b1eee50e017851e7929f5ea37312d2d8c2494a19e8fc58b4a38", size = 14311470, upload-time = "2026-09-10T16:31:31.273Z" },
    { url = "https://files.pythonhosted.org/packages/a2/17/02b13e5f51461f0453b18ab854e2d0bc1b6ec353241b05a2ee6b79e35d87/onnxruntime-1.30.0-cp312-cp312-win_arm64.whl", hash = "sha256:dc4c706f1935ebb62356e6a095b047859badd854482c40560888e95c328ed262", size = 14175072, upload-time = "2026-09-10T16:31:34.541Z" },
    { url = "https://files.pythonhosted.org/packages/f0/75/508454c5d01f31641dabc597fe559594c931a520a2673031179319d0afd8/onnxruntime-1.30.0-cp313-cp313-macosx_14_0_arm64.whl", hash = "sha256:05e4fc41711d1f4abd19a9124b5be7a65a506cb2670a7f14b16162ef13c58134", size = 21544990, upload-time = "2026-09-10T16:31:37.685Z" },
    { url = "https://files.pythonhosted.org/packages/89/06/e603c71f43f4fe3fd156a053af79cbed6e27a2c649f0988a67d97fedd39f/onnxruntime-1.30.0-cp313-cp313-manylinux_2_28_aarch64.whl", hash = "sha256:5327cf6aa15a02bad805fac8bd6882a62571e8b72f6f2938a8f37e6bd1966ce9", size = 21344996, upload-time = "2026-09-10T16:31:40.915Z" },
    { url = "https://files.pythonhosted.org/packages/f1/a1/ede48ab5dc54907a2999362777f541e132639fb06628ded1932058aa8a36/onnxruntime-1.30.0-cp313-cp313-manylinux_2_28_x86_64.whl", hash = "sha256:86f940afc801ea9681a4da8af84fbe95e1d9ea7d80903952cc1bfad54faad38f", size = 23585560, upload-time = "2026-09-10T16:31:44.941Z" },
    { url = "https://files.pythonhosted.org/packages/3c/dd/c57c529dbc6dd55eca24b12cfbeab1b6a690de72083824eca689085f55b0/onnxruntime-1.30.0-cp313-cp313-win_amd64.whl", hash = "sha256:4b63041bd623a9a9ac5e353948436c6fa7f43edd12d6b4a4ebc340bca959ba93", size = 14311378, upload-time = "2026-09-10T16:31:48.034Z" },
    { url = "https://files.pythonhosted.org/packages/11/2f/ef00b45b911e7f2115273a24ed1b43e73c8c6c9ec17f9bfa13f8492581f8/onnxruntime-1.30.0-cp313-cp313-win_arm64.whl", hash = "sha256:c389b6887fc95e0fcb80e89b156bc2cb18e662c29df55e9326fe64140e7d7b4f", size = 14175134, upload-time = "2026-09-10T16:31:50.799Z" },
    { url = "https://files.pythonhosted.org/packages/92/0a/284fd6fe701c9a8aff39dbc119c37582ca40e9cff1ea05425a7cc8606a02/onnxruntime-1.30.0-cp313-cp313t-manylinux_2_28_aarch64.whl", hash = "sha256:e5224ba2b00284cb1c48b3edcd303c109245d66df9ec1b861858fd6de672a38e", size = 21349453, upload-time = "2026-09-10T16:31:53.898Z" },
    { url = "https://files.pythonhosted.org/packages/d6/72/4f4466f8fa1ec267a9ef5e2f3bd175c203d3da0facbdf4049dc93abbe91c/onnxruntime-1.30.0-cp313-cp313t-manylinux_2_28_x86_64.whl", hash = "sha256:3f9e002417f1e3bbb31ed43dafa4f22ca1b2b68832244fdee192fcaa1ae19bca", size = 23579837, upload-time = "2026-09-10T16:31:56.82Z" },
    { url = "https://files.pythonhosted.org/packages/6a/03/05c9a9234688757d2876ddecf80bba908561ee11debf125bc1a427ae6f48/onnxruntime-1.30.0-cp314-cp314-macosx_14_0_arm64.whl", hash = "sha256:8b6169c16a48429890d2f4a0c774ebf54dfe9066a998514aad0518a16d398547", size = 21545313, upload-time = "2026-09-10T16:31:59.654Z" },
    { url = "https://files.pythonhosted.org/packages/c6/bc/1069e58b24779ba9d2fd479db5ecb3a15a6f49b585107c898819c0789558/onnxruntime-1.30.0-cp314-cp314-manylinux_2_28_aarch64.whl", hash = "sha256:d2184fddb6798136e7c478244391ca82443f5c757f59f15bb9e5ad2da5e03175", size = 21346830, upload-time = "2026-09-10T16:32:02.275Z" },
    { url = "https://files.pythonhosted.org/packages/f1/38/8138eed225c5bc6ddfc05879ecac7dacc63c34b9b6f99be72839c1f6dc49/onnxruntime-1.30.0-cp314-cp314-manylinux_2_28_x86_64.whl", hash = "sha256:8b611d24db2954545ce6bd9acd4670183cb368e4642450de7a9ab6474eb374ec", size = 23586333, upload-time = "2026-09-10T16:32:04.996Z" },
    { url = "https://files.pythonhosted.org/packages/4d/0a/748b86000fbf9518b5dfc5bdc1b924eeaca976203740fd9d30649e568ee6/onnxruntime-1.30.0-cp314-cp314-win_amd64.whl", hash = "sha256:3bdd1752a8502ac1a7ccc6e878d16db6943df574d54ed7f01058a6806ae05be4", size = 14675319, upload-time = "2026-09-10T16:32:07.5Z" },
    { url = "https://files.pythonhosted.org/packages/2f/db/db8e4c0cf6f70f1311060560630fd21763648e01dfbba5195a2592c052ef/onnxruntime-1.30.0-cp314-cp314-win_arm64.whl", hash = "sha256:83d543843cbd352cfa9996a6c7b92f8a480f114a18f95ff2a1acaf6921e85b6d", size = 14569360, upload-time = "2026-09-10T16:32:09.896Z" },
    { url = "https://files.pythonhosted.org/packages/24/0a/ec0a9d656e39b43887c378a5388b20c3b1e1ee43bded84580b0936466694/onnxruntime-1.30.0-cp314-cp314t-manylinux_2_28_aarch64.whl", hash = "sha256:265de607ba6f9814264e1d5d413fa7069d70f48e3049b5e460b3b04bdfcef294", size = 21348433, upload-time = "2026-09-10T16:32:12.772Z" },
    { url = "https://files.pythonhosted.org/packages/91/f0/40f74b7c00077e1e25627067ed98a70df1fef5c0e21b82849190d312554e/onnxruntime-1.30.0-cp314-cp314t-manylinux_2_28_x86_64.whl", hash = "sha256:67ad7f03433b6462c627d0f555dece80e6a26bc71e8542ced35cebd32142d1b7", size = 23579340, upload-time = "2026-09-10T16:32:15.532Z" },
]

[[package]]
name = "packaging"
version = "26.3"
source = { registry = "https://pypi.org/simple" }
sdist = { url = "https://files.pythonhosted.org/packages/7d/fa/3944b40b07da9ce895c0e6303a5ab7d53da063554f534556b134a54d6093/packaging-26.3.tar.gz", hash = "sha256:94edc256424af38762eb31306eed28beb9f0efc50a8837492c9d6fd6004aed79", size = 313412, upload-time = "2026-08-04T18:15:28.737Z" }
wheels = [
    { url = "https://files.pythonhosted.org/packages/63/34/ba1c580383c9eada3711951fef0795c80b829a078d72188184bcab9dd527/packaging-26.3-py3-none-any.whl", hash = "sha256:d7193f7c8e4e93f444fde0262bf90af30e16fa0ad0ad44cb553c87339b23cd1c", size = 129956, upload-time = "2026-08-04T18:15:27.159Z" },
]

[[package]]
name = "protobuf"
version = "7.36.2"
source = { registry = "https://pypi.org/simple" }
sdist = { url = "https://files.pythonhosted.org/packages/d9/89/5b8517baa72f84a67b8a307ba953c91057af618bf40bf676f3c03551f8f0/protobuf-7.36.2.tar.gz", hash = "sha256:497d0463ff3316681da6c0b9e8d06cb465d61abce00b613ab42226175644d1bb", size = 512737, upload-time = "2026-09-17T20:07:59.326Z" }
wheels = [
    { url = "https://files.pythonhosted.org/packages/32/72/98342feb672507c8f3a69e34b4fa8961f608edba5c1a48a6f47156d92cb5/protobuf-7.36.2-cp310-abi3-macosx_10_9_universal2.whl", hash = "sha256:cbc70b17ee27e28894c7fee8bb04be1abead49e936bc70eb60052531eee2079e", size = 456039, upload-time = "2026-09-17T20:07:51.542Z" },
    { url = "https://files.pythonhosted.org/packages/b6/ea/91fdf7c2b8bbd49cde056f00a9df6773532987e1c00fe2830b895af95c7e/protobuf-7.36.2-cp310-abi3-manylinux2014_aarch64.whl", hash = "sha256:e11e1f0180583a2af89db6a2ecd9e8dc40aa6d2988ca175bfd0e6d12ea72d74e", size = 344219, upload-time = "2026-09-17T20:07:52.914Z" },
    { url = "https://files.pythonhosted.org/packages/17/ab/5fd5f8ece73fad885c5a09aa849b32d70472f954ba3a92d3bb5974ea953b/protobuf-7.36.2-cp310-abi3-manylinux2014_s390x.whl", hash = "sha256:f4fee11ec330d238b34a05c9b675f693c20415d1c5bd7d5320cc2f8a798eb9cf", size = 357223, upload-time = "2026-09-17T20:07:53.985Z" },
    { url = "https://files.pythonhosted.org/packages/db/f3/3996583dd2906297a637af12114deddf7658af6e683fedb83be061983fb5/protobuf-7.36.2-cp310-abi3-manylinux2014_x86_64.whl", hash = "sha256:89f23aa53c24553a2416fd4fd1ec06f74fa42b14b546d8883128813f775bbfd2", size = 343223, upload-time = "2026-09-17T20:07:54.931Z" },
    { url = "https://files.pythonhosted.org/packages/fc/1b/dcc64f358fcb51811b58ae40b3d28f820725f116d86487cc20bd4b130701/protobuf-7.36.2-cp310-abi3-win32.whl", hash = "sha256:912c1221170e16c08d1f086762f563dd61ff83c18b5fa6652952dfaded66f728", size = 442998, upload-time = "2026-09-17T20:07:55.826Z" },
    { url = "https://files.pythonhosted.org/packages/8a/55/b77bda4e5e5f5971fb51b07663694690e9afdb9402136c16a522bd621cad/protobuf-7.36.2-cp310-abi3-win_amd64.whl", hash = "sha256:a300819d441e078a5608c0d3c709796bb548136058fda017ae51d425b44fd353", size = 456514, upload-time = "2026-09-17T20:07:57.188Z" },
    { url = "https://files.pythonhosted.org/packages/e4/04/d52c7016b04b6c5108f26691f9d33ec82a9b65d041f1a9c771137693d618/protobuf-7.36.2-py3-none-any.whl", hash = "sha256:bdb3a345d48db958e6ce1f18e508beb0cc981d64f24088427549c866cd039f1e", size = 179806, upload-time = "2026-09-17T20:07:58.211Z" },
]

[[package]]
name = "sherpa-onnx"
version = "1.13.8"
source = { registry = "https://pypi.org/simple" }
sdist = { url = "https://files.pythonhosted.org/packages/f9/5d/9c19acbe7eebd09cee4b69408532f44dc09e71b6025518ed7dd9c0509d6d/sherpa_onnx-1.13.8.tar.gz", hash = "sha256:68e638f745df120a7fae268b7bae0eaab2362b5ad76fe3389bece1d3cd63272c", size = 1057541, upload-time = "2026-09-10T15:05:43.696Z" }
wheels = [
    { url = "https://files.pythonhosted.org/packages/e0/74/f88231aa67e7713b2509da3aa53756b9c85f42fc7a3abe3a4b825e2974bc/sherpa_onnx-1.13.8-cp312-cp312-linux_armv7l.whl", hash = "sha256:6e50efbe69ff07f8b62d2d01f9d7f6e5854033be4b8d940fe9b575e873b22584", size = 12230846, upload-time = "2026-09-10T16:56:15.576Z" },
    { url = "https://files.pythonhosted.org/packages/a0/35/ed6cc5d2e29f29c9778975bec44ac5e8069e1a3528f7ff1306cbdcdab585/sherpa_onnx-1.13.8-cp312-cp312-macosx_10_15_universal2.whl", hash = "sha256:17ff957b1b33849671262ddbac51815a5a82286f963091bddf85540c9e728c12", size = 4457476, upload-time = "2026-09-10T15:45:38.598Z" },
    { url = "https://files.pythonhosted.org/packages/36/e6/a19257d7c60bf04c07f8d0772b943b6596b6b10cfb0694b7794d36630d40/sherpa_onnx-1.13.8-cp312-cp312-macosx_10_15_x86_64.whl", hash = "sha256:ef218d6545a9dcc2aff7043f39026c7d78d6cf46a3876d450d508feebffc00a9", size = 2350796, upload-time = "2026-09-10T14:23:58.591Z" },
    { url = "https://files.pythonhosted.org/packages/78/6e/8d9b92e95896ec500084e706529f5637eff797246e74c498922f6aa13a53/sherpa_onnx-1.13.8-cp312-cp312-macosx_11_0_arm64.whl", hash = "sha256:04b9268c348e9f4bd61315754ad06b02a3c185d3d7770acd8e2dcee9c2e039f9", size = 2146858, upload-time = "2026-09-10T14:49:23.355Z" },
    { url = "https://files.pythonhosted.org/packages/1f/5f/22e1571146b2c0b581657562d5919b69da13ed93dc70049f42d45fe9e84c/sherpa_onnx-1.13.8-cp312-cp312-manylinux2014_aarch64.manylinux_2_17_aarch64.whl", hash = "sha256:2520b1e7b779a29a493a8cec893612218dfad7304786bf3f64df2ff7ac6c3302", size = 4176945, upload-time = "2026-09-10T15:21:43.965Z" },
    { url = "https://files.pythonhosted.org/packages/13/78/2f712b7408ddbb64614c20388912414705b728516224e737b63f2adec94a/sherpa_onnx-1.13.8-cp312-cp312-manylinux2014_x86_64.manylinux_2_17_x86_64.whl", hash = "sha256:6949773017647febc0c3696dffb2c67dd3febd4737b87e3dd135a42773704a06", size = 4400575, upload-time = "2026-09-10T14:49:42.265Z" },
    { url = "https://files.pythonhosted.org/packages/39/62/a6cc995ea40fd88a14b5d312d7b86b49ab65213e501f15fabe00cf79e1e5/sherpa_onnx-1.13.8-cp312-cp312-win32.whl", hash = "sha256:90e0c7b16fe6be32361dc3f6d2a66e8f74e8085079e91da1bee1acea772b769d", size = 1965883, upload-time = "2026-09-10T15:11:47.827Z" },
    { url = "https://files.pythonhosted.org/packages/24/af/33e9dcaa527bbc0c2526959713626607a46da2d7b19871b7773d8607d356/sherpa_onnx-1.13.8-cp312-cp312-win_amd64.whl", hash = "sha256:566e49ad3fb2aa8ceb723a52f9809aa6c2ee0a5eb3b0946c3fd2374af807a5c6", size = 2287856, upload-time = "2026-09-10T15:39:28.995Z" },
    { url = "https://files.pythonhosted.org/packages/ea/0e/237f9baaa3da5c029a06803a7587d4717ec191284d6f3972c679683ad6d8/sherpa_onnx-1.13.8-cp312-cp312-win_arm64.whl", hash = "sha256:1613f14db38b6936098c660f610baee95541378edbdec39a973a591d8df58f5b", size = 2249666, upload-time = "2026-09-10T14:54:55.475Z" },
    { url = "https://files.pythonhosted.org/packages/c8/c5/172fddb0ab34bed7f645df376d4c2e19deb5b3bc336ca06e1f7a52777e48/sherpa_onnx-1.13.8-cp313-cp313-linux_armv7l.whl", hash = "sha256:bbd93a09fa01fb32c222614a7f939495d8966fc15e1cb3943d7a79d3fe7291bd", size = 12230180, upload-time = "2026-09-10T16:28:11.636Z" },
    { url = "https://files.pythonhosted.org/packages/cf/7c/21316b8e438598da6f54cc5eea6994fbb9d508caf4afd8292b76802b244c/sherpa_onnx-1.13.8-cp313-cp313-macosx_10_15_universal2.whl", hash = "sha256:d2f50ad1b1e1918c0358270846288bdc1636b130bea4d9d85088a14bb7de69b1", size = 4458011, upload-time = "2026-09-10T16:02:34.034Z" },
    { url = "https://files.pythonhosted.org/packages/7d/4d/b442afd30eff64b83112b54fa866c5d2e3a5aeec13ee8bd665c7b146fba1/sherpa_onnx-1.13.8-cp313-cp313-macosx_10_15_x86_64.whl", hash = "sha256:5f8df54514af5025b9d428403dd9a27f6fe252b5e162311bf5c47228a50d0cc5", size = 2351015, upload-time = "2026-09-10T14:37:10.823Z" },
    { url = "https://files.pythonhosted.org/packages/ce/7b/9829c8e222e6103fd3571523252974c1095c49ae7d1511babf46c4f0d6ea/sherpa_onnx-1.13.8-cp313-cp313-macosx_11_0_arm64.whl", hash = "sha256:2c5a1799c326715b1ee69dae3be48883ddc6fb922fb813067606f7e9a29ea234", size = 2147122, upload-time = "2026-09-10T15:47:29.125Z" },
    { url = "https://files.pythonhosted.org/packages/13/e3/115476caa9f80cd5f55e4e7b777a6c2d01a133d10f8fae574ba869fc48c3/sherpa_onnx-1.13.8-cp313-cp313-manylinux2014_aarch64.manylinux_2_17_aarch64.whl", hash = "sha256:916ec38242e779ee3a99f7b161bd1bf3b02a7fad34cb073d091021c0469e0b58", size = 4177700, upload-time = "2026-09-10T14:27:20.564Z" },
    { url = "https://files.pythonhosted.org/packages/8f/eb/b77acde02d9eee359436ade9239d9ade4351b09fbe85387a293f341c19ed/sherpa_onnx-1.13.8-cp313-cp313-manylinux2014_x86_64.manylinux_2_17_x86_64.whl", hash = "sha256:0e5d870fb0648befb94e260c11de4cf4b293b2a90a63e3a6a2869be698927bc4", size = 4401242, upload-time = "2026-09-10T15:28:26.857Z" },
    { url = "https://files.pythonhosted.org/packages/04/3d/a5f41332fe672e139f542541cb1afecf96addcbb72ee4bf84b0f9ba3dd22/sherpa_onnx-1.13.8-cp313-cp313-win32.whl", hash = "sha256:4bbc4dbbd539fd83c28aa7a076e0e5e1c5c4c4cc9e31fc5bd956b4e8b032fcfc", size = 1966530, upload-time = "2026-09-10T15:51:56.826Z" },
    { url = "https://files.pythonhosted.org/packages/52/1f/a96759b33dab99647e57f94040d678c332e0d7eb595127d1e0b4e0b9af27/sherpa_onnx-1.13.8-cp313-cp313-win_amd64.whl", hash = "sha256:195455d8d6cc49f616e9d459b7d08f10a32daf2ddcbe90d4d479a8ba9aab28bf", size = 2288187, upload-time = "2026-09-10T15:59:35.179Z" },
    { url = "https://files.pythonhosted.org/packages/71/96/86a9571b95336e9968519acedcb33f17fb4c3512e961344f6daed47636cc/sherpa_onnx-1.13.8-cp313-cp313-win_arm64.whl", hash = "sha256:15e2d2ac2524e42efb40057f6e1d7cc53529417e791f5cf1bdd721a0ec2b1f7e", size = 2245867, upload-time = "2026-09-10T14:52:43.668Z" },
    { url = "https://files.pythonhosted.org/packages/58/e9/e7669a9f7a927e33f20b9bf98ffbe8d11c7f60c6e8f492bd0bc59dcb94d7/sherpa_onnx-1.13.8-cp314-cp314-android_24_arm64_v8a.whl", hash = "sha256:533440358bbfc5796bc8cf85fe2bc08d0c91de5200fc03da2d3eb656caec705b", size = 2364130, upload-time = "2026-09-10T14:04:10.482Z" },
    { url = "https://files.pythonhosted.org/packages/83/68/d76f8dd62b7475a0583c57cfaaebbb1de693b42405a17796613fa7592227/sherpa_onnx-1.13.8-cp314-cp314-android_24_armeabi_v7a.whl", hash = "sha256:4757a983a0b2757ae55e6179b0f5369381316b1efcdfd5a35b6ccb341fae3daa", size = 2433241, upload-time = "2026-09-10T14:04:22.379Z" },
    { url = "https://files.pythonhosted.org/packages/a5/fe/86cbd751f3b36f59ac0333b1ebbf91312c2fc5031c6cf54095a54735b690/sherpa_onnx-1.13.8-cp314-cp314-android_24_x86.whl", hash = "sha256:c0bd1249e4ff8a4f93c8b7eb7e906b8d894738556379b28e78817cbdf996eb72", size = 2527240, upload-time = "2026-09-10T14:10:43.529Z" },
    { url = "https://files.pythonhosted.org/packages/a4/00/bd069882f9a707a7e0cdad32f9447b95e756d4fe1421419ba0e6d9a2fcd2/sherpa_onnx-1.13.8-cp314-cp314-android_24_x86_64.whl", hash = "sha256:e787ab8e2c859bae1589b9dc729ca2d66096505db028f2969b1c3a380a986a38", size = 2588008, upload-time = "2026-09-10T14:35:08.781Z" },
    { url = "https://files.pythonhosted.org/packages/76/b9/832bab8dc5116bb29b0ff7cc1aed5122ab2115c6bb947140073f6930fe67/sherpa_onnx-1.13.8-cp314-cp314-linux_armv7l.whl", hash = "sha256:40a7a26e4af197f6b46e73e73cc6792c3401b12377e7d8d674766a5cb67ce4ac", size = 12228389, upload-time = "2026-09-10T16:44:33.115Z" },
    { url = "https://files.pythonhosted.org/packages/91/2c/4aee534542f2de43c3dadfbe7d436fdecfb28e4c6d5a12f75febdc3f5f8e/sherpa_onnx-1.13.8-cp314-cp314-macosx_10_15_universal2.whl", hash = "sha256:c8121c87eb80c86a8dbe2cf54ed11ca1150ae0001223bac902471e7b4608e1a9", size = 4461555, upload-time = "2026-09-10T15:58:23.745Z" },
    { url = "https://files.pythonhosted.org/packages/f5/fb/e8a289419f38ed9eb1882d22c12a2680254e5eb945e8e2517c5b2281dd23/sherpa_onnx-1.13.8-cp314-cp314-macosx_10_15_x86_64.whl", hash = "sha256:22f699e1fb2e8dafe02b1521ce74e0928b38cb68ad19f481380acf51e6a6965b", size = 2351239, upload-time = "2026-09-10T15:07:53.4Z" },
    { url = "https://files.pythonhosted.org/packages/33/f5/ff7f45799a1a77f165410fce5080be2cb59cfc98375bf4a56d7d1fe80540/sherpa_onnx-1.13.8-cp314-cp314-macosx_11_0_arm64.whl", hash = "sha256:7fa6ec595a8b4bba2b91e6f8e58647777050ac4eb9845f5a5026c20636c0e2be", size = 2149334, upload-time = "2026-09-10T15:19:02.491Z" },
    { url = "https://files.pythonhosted.org/packages/4f/9a/51821829b5735b3d7ce607992a62fe93d5f7215cda324c11191c77d49b9b/sherpa_onnx-1.13.8-cp314-cp314-manylinux2014_aarch64.manylinux_2_17_aarch64.whl", hash = "sha256:45f16c9fabc3d7ce31ba9722ff8196627ddcaa5ffd02413ad0664ad1952ba419", size = 4182835, upload-time = "2026-09-10T14:39:02.405Z" },
    { url = "https://files.pythonhosted.org/packages/2d/e2/b1af63c1f6a9e0025cbc9aa3b1814ba97ede63db0ad9f297bb9f268fdfc2/sherpa_onnx-1.13.8-cp314-cp314-manylinux2014_x86_64.manylinux_2_17_x86_64.whl", hash = "sha256:97309e4b5d9850490085da61e35b0fca002a39ec9da93cd9e21d2d0dcc1cc62a", size = 4403669, upload-time = "2026-09-10T14:53:18.178Z" },
    { url = "https://files.pythonhosted.org/packages/b3/34/48d01cc8581f3d4354eb14f1c91a04b52c4c2024ae7c3ce465355aa6d227/sherpa_onnx-1.13.8-cp314-cp314-win32.whl", hash = "sha256:bf5f95bfd992f5dd3f897f57fc13f9d0174e16e48c19d43a24923cc5fb61ded1", size = 2006786, upload-time = "2026-09-10T15:39:06.995Z" },
    { url = "https://files.pythonhosted.org/packages/24/a5/100a7c200e696b2756838b0bdb83e9cf96f62e524d44d43daba0a8e9d6fe/sherpa_onnx-1.13.8-cp314-cp314-win_amd64.whl", hash = "sha256:1ced230bdd02f4d50106ce5c41e5f9142b45248e67ca532c84439d0475932bb8", size = 2353481, upload-time = "2026-09-10T15:51:06.243Z" },
    { url = "https://files.pythonhosted.org/packages/1f/38/ce056f2cdcfa9abcf40ea572cc8ece2fac4fe19a5fe2f1ec589cf71e412c/sherpa_onnx-1.13.8-cp314-cp314-win_arm64.whl", hash = "sha256:ecce26fe96e4b733356568fac1e99df7038e9871b94b70d9f731e2ea8656db67", size = 2314981, upload-time = "2026-09-10T15:08:22.649Z" },
]

[[package]]
name = "termcolor"
version = "3.2.0"
source = { registry = "https://pypi.org/simple" }
sdist = { url = "https://files.pythonhosted.org/packages/87/56/ab275c2b56a5e2342568838f0d5e3e66a32354adcc159b495e374cda43f5/termcolor-3.2.0.tar.gz", hash = "sha256:610e6456feec42c4bcd28934a8c87a06c3fa28b01561d46aa09a9881b8622c58", size = 14423, upload-time = "2025-10-25T19:11:42.586Z" }
wheels = [
    { url = "https://files.pythonhosted.org/packages/f9/d5/141f53d7c1eb2a80e6d3e9a390228c3222c27705cbe7f048d3623053f3ca/termcolor-3.2.0-py3-none-any.whl", hash = "sha256:a10343879eba4da819353c55cb8049b0933890c2ebf9ad5d3ecd2bb32ea96ea6", size = 7698, upload-time = "2025-10-25T19:11:41.536Z" },
]
